// !$*UTF8*$!
{
	archiveVersion = 1;
	classes = {
	};
	objectVersion = 46;
	objects = {

/* Begin PBXBuildFile section */
		F307E7EC1A8FABC3001AD0C8 /* main.m in Sources */ = {isa = PBXBuildFile; fileRef = F307E7EB1A8FABC3001AD0C8 /* main.m */; };
		F307E7EF1A8FABC3001AD0C8 /* AppDelegate.m in Sources */ = {isa = PBXBuildFile; fileRef = F307E7EE1A8FABC3001AD0C8 /* AppDelegate.m */; };
		F307E7F21A8FABC3001AD0C8 /* ViewController.m in Sources */ = {isa = PBXBuildFile; fileRef = F307E7F11A8FABC3001AD0C8 /* ViewController.m */; };
		F307E7F51A8FABC3001AD0C8 /* Main.storyboard in Resources */ = {isa = PBXBuildFile; fileRef = F307E7F31A8FABC3001AD0C8 /* Main.storyboard */; };
		F307E7F71A8FABC3001AD0C8 /* Images.xcassets in Resources */ = {isa = PBXBuildFile; fileRef = F307E7F61A8FABC3001AD0C8 /* Images.xcassets */; };
		F307E7FA1A8FABC3001AD0C8 /* LaunchScreen.xib in Resources */ = {isa = PBXBuildFile; fileRef = F307E7F81A8FABC3001AD0C8 /* LaunchScreen.xib */; };
		F307E8061A8FABC3001AD0C8 /* ToDoListTests.m in Sources */ = {isa = PBXBuildFile; fileRef = F307E8051A8FABC3001AD0C8 /* ToDoListTests.m */; };
/* End PBXBuildFile section */

/* Begin PBXContainerItemProxy section */
		F307E8001A8FABC3001AD0C8 /* PBXContainerItemProxy */ = {
			isa = PBXContainerItemProxy;
			containerPortal = F307E7DE1A8FABC3001AD0C8 /* Project object */;
			proxyType = 1;
			remoteGlobalIDString = F307E7E51A8FABC3001AD0C8;
			remoteInfo = ToDoList;
		};
/* End PBXContainerItemProxy section */

/* Begin PBXFileReference section */
		F307E7E61A8FABC3001AD0C8 /* ToDoList.app */ = {isa = PBXFileReference; explicitFileType = wrapper.application; includeInIndex = 0; path = ToDoList.app; sourceTree = BUILT_PRODUCTS_DIR; };
		F307E7EA1A8FABC3001AD0C8 /* Info.plist */ = {isa = PBXFileReference; lastKnownFileType = text.plist.xml; path = Info.plist; sourceTree = "<group>"; };
		F307E7EB1A8FABC3001AD0C8 /* main.m */ = {isa = PBXFileReference; lastKnownFileType = sourcecode.c.objc; path = main.m; sourceTree = "<group>"; };
		F307E7ED1A8FABC3001AD0C8 /* AppDelegate.h */ = {isa = PBXFileReference; lastKnownFileType = sourcecode.c.h; path = AppDelegate.h; sourceTree = "<group>"; };
		F307E7EE1A8FABC3001AD0C8 /* AppDelegate.m */ = {isa = PBXFileReference; lastKnownFileType = sourcecode.c.objc; path = AppDelegate.m; sourceTree = "<group>"; };
		F307E7F01A8FABC3001AD0C8 /* ViewController.h */ = {isa = PBXFileReference; lastKnownFileType = sourcecode.c.h; path = ViewController.h; sourceTree = "<group>"; };
		F307E7F11A8FABC3001AD0C8 /* ViewController.m */ = {isa = PBXFileReference; lastKnownFileType = sourcecode.c.objc; path = ViewController.m; sourceTree = "<group>"; };
		F307E7F41A8FABC3001AD0C8 /* Base */ = {isa = PBXFileReference; lastKnownFileType = file.storyboard; name = Base; path = Base.lproj/Main.storyboard; sourceTree = "<group>"; };
		F307E7F61A8FABC3001AD0C8 /* Images.xcassets */ = {isa = PBXFileReference; lastKnownFileType = folder.assetcatalog; path = Images.xcassets; sourceTree = "<group>"; };
		F307E7F91A8FABC3001AD0C8 /* Base */ = {isa = PBXFileReference; lastKnownFileType = file.xib; name = Base; path = Base.lproj/LaunchScreen.xib; sourceTree = "<group>"; };
		F307E7FF1A8FABC3001AD0C8 /* ToDoListTests.xctest */ = {isa = PBXFileReference; explicitFileType = wrapper.cfbundle; includeInIndex = 0; path = ToDoListTests.xctest; sourceTree = BUILT_PRODUCTS_DIR; };
		F307E8041A8FABC3001AD0C8 /* Info.plist */ = {isa = PBXFileReference; lastKnownFileType = text.plist.xml; path = Info.plist; sourceTree = "<group>"; };
		F307E8051A8FABC3001AD0C8 /* ToDoListTests.m */ = {isa = PBXFileReference; lastKnownFileType = sourcecode.c.objc; path = ToDoListTests.m; sourceTree = "<group>"; };
/* End PBXFileReference section */

/* Begin PBXFrameworksBuildPhase section */
		F307E7E31A8FABC3001AD0C8 /* Frameworks */ = {
			isa = PBXFrameworksBuildPhase;
			buildActionMask = 2147483647;
			files = (
			);
			runOnlyForDeploymentPostprocessing = 0;
		};
		F307E7FC1A8FABC3001AD0C8 /* Frameworks */ = {
			isa = PBXFrameworksBuildPhase;
			buildActionMask = 2147483647;
			files = (
			);
			runOnlyForDeploymentPostprocessing = 0;
		};
/* End PBXFrameworksBuildPhase section */

/* Begin PBXGroup section */
		F307E7DD1A8FABC3001AD0C8 = {
			isa = PBXGroup;
			children = (
				F307E7E81A8FABC3001AD0C8 /* ToDoList */,
				F307E8021A8FABC3001AD0C8 /* ToDoListTests */,
				F307E7E71A8FABC3001AD0C8 /* Products */,
			);
			sourceTree = "<group>";
		};
		F307E7E71A8FABC3001AD0C8 /* Products */ = {
			isa = PBXGroup;
			children = (
				F307E7E61A8FABC3001AD0C8 /* ToDoList.app */,
				F307E7FF1A8FABC3001AD0C8 /* ToDoListTests.xctest */,
			);
			name = Products;
			sourceTree = "<group>";
		};
		F307E7E81A8FABC3001AD0C8 /* ToDoList */ = {
			isa = PBXGroup;
			children = (
				F307E7ED1A8FABC3001AD0C8 /* AppDelegate.h */,
				F307E7EE1A8FABC3001AD0C8 /* AppDelegate.m */,
				F307E7F01A8FABC3001AD0C8 /* ViewController.h */,
				F307E7F11A8FABC3001AD0C8 /* ViewController.m */,
				F307E7F31A8FABC3001AD0C8 /* Main.storyboard */,
				F307E7F61A8FABC3001AD0C8 /* Images.xcassets */,
				F307E7F81A8FABC3001AD0C8 /* LaunchScreen.xib */,
				F307E7E91A8FABC3001AD0C8 /* Supporting Files */,
			);
			path = ToDoList;
			sourceTree = "<group>";
		};
		F307E7E91A8FABC3001AD0C8 /* Supporting Files */ = {
			isa = PBXGroup;
			children = (
				F307E7EA1A8FABC3001AD0C8 /* Info.plist */,
				F307E7EB1A8FABC3001AD0C8 /* main.m */,
			);
			name = "Supporting Files";
			sourceTree = "<group>";
		};
		F307E8021A8FABC3001AD0C8 /* ToDoListTests */ = {
			isa = PBXGroup;
			children = (
				F307E8051A8FABC3001AD0C8 /* ToDoListTests.m */,
				F307E8031A8FABC3001AD0C8 /* Supporting Files */,
			);
			path = ToDoListTests;
			sourceTree = "<group>";
		};
		F307E8031A8FABC3001AD0C8 /* Supporting Files */ = {
			isa = PBXGroup;
			children = (
				F307E8041A8FABC3001AD0C8 /* Info.plist */,
			);
			name = "Supporting Files";
			sourceTree = "<group>";
		};
/* End PBXGroup section */

/* Begin PBXNativeTarget section */
		F307E7E51A8FABC3001AD0C8 /* ToDoList */ = {
			isa = PBXNativeTarget;
			buildConfigurationList = F307E8091A8FABC3001AD0C8 /* Build configuration list for PBXNativeTarget "ToDoList" */;
			buildPhases = (
				F307E7E21A8FABC3001AD0C8 /* Sources */,
				F307E7E31A8FABC3001AD0C8 /* Frameworks */,
				F307E7E41A8FABC3001AD0C8 /* Resources */,
			);
			buildRules = (
			);
			dependencies = (
			);
			name = ToDoList;
			productName = ToDoList;
			productReference = F307E7E61A8FABC3001AD0C8 /* ToDoList.app */;
			productType = "com.apple.product-type.application";
		};
		F307E7FE1A8FABC3001AD0C8 /* ToDoListTests */ = {
			isa = PBXNativeTarget;
			buildConfigurationList = F307E80C1A8FABC3001AD0C8 /* Build configuration list for PBXNativeTarget "ToDoListTests" */;
			buildPhases = (
				F307E7FB1A8FABC3001AD0C8 /* Sources */,
				F307E7FC1A8FABC3001AD0C8 /* Frameworks */,
				F307E7FD1A8FABC3001AD0C8 /* Resources */,
			);
			buildRules = (
			);
			dependencies = (
				F307E8011A8FABC3001AD0C8 /* PBXTargetDependency */,
			);
			name = ToDoListTests;
			productName = ToDoListTests;
			productReference = F307E7FF1A8FABC3001AD0C8 /* ToDoListTests.xctest */;
			productType = "com.apple.product-type.bundle.unit-test";
		};
/* End PBXNativeTarget section */

/* Begin PBXProject section */
		F307E7DE1A8FABC3001AD0C8 /* Project object */ = {
			isa = PBXProject;
			attributes = {
				LastUpgradeCheck = 0610;
				ORGANIZATIONNAME = "Alex Jeffreys";
				TargetAttributes = {
					F307E7E51A8FABC3001AD0C8 = {
						CreatedOnToolsVersion = 6.1.1;
					};
					F307E7FE1A8FABC3001AD0C8 = {
						CreatedOnToolsVersion = 6.1.1;
						TestTargetID = F307E7E51A8FABC3001AD0C8;
					};
				};
			};
			buildConfigurationList = F307E7E11A8FABC3001AD0C8 /* Build configuration list for PBXProject "ToDoList" */;
			compatibilityVersion = "Xcode 3.2";
			developmentRegion = English;
			hasScannedForEncodings = 0;
			knownRegions = (
				en,
				Base,
			);
			mainGroup = F307E7DD1A8FABC3001AD0C8;
			productRefGroup = F307E7E71A8FABC3001AD0C8 /* Products */;
			projectDirPath = "";
			projectRoot = "";
			targets = (
				F307E7E51A8FABC3001AD0C8 /* ToDoList */,
				F307E7FE1A8FABC3001AD0C8 /* ToDoListTests */,
			);
		};
/* End PBXProject section */

/* Begin PBXResourcesBuildPhase section */
		F307E7E41A8FABC3001AD0C8 /* Resources */ = {
			isa = PBXResourcesBuildPhase;
			buildActionMask = 2147483647;
			files = (
				F307E7F51A8FABC3001AD0C8 /* Main.storyboard in Resources */,
				F307E7FA1A8FABC3001AD0C8 /* LaunchScreen.xib in Resources */,
				F307E7F71A8FABC3001AD0C8 /* Images.xcassets in Resources */,
			);
			runOnlyForDeploymentPostprocessing = 0;
		};
		F307E7FD1A8FABC3001AD0C8 /* Resources */ = {
			isa = PBXResourcesBuildPhase;
			buildActionMask = 2147483647;
			files = (
			);
			runOnlyForDeploymentPostprocessing = 0;
		};
/* End PBXResourcesBuildPhase section */

/* Begin PBXSourcesBuildPhase section */
		F307E7E21A8FABC3001AD0C8 /* Sources */ = {
			isa = PBXSourcesBuildPhase;
			buildActionMask = 2147483647;
			files = (
				F307E7F21A8FABC3001AD0C8 /* ViewController.m in Sources */,
				F307E7EF1A8FABC3001AD0C8 /* AppDelegate.m in Sources */,
				F307E7EC1A8FABC3001AD0C8 /* main.m in Sources */,
			);
			runOnlyForDeploymentPostprocessing = 0;
		};
		F307E7FB1A8FABC3001AD0C8 /* Sources */ = {
			isa = PBXSourcesBuildPhase;
			buildActionMask = 2147483647;
			files = (
				F307E8061A8FABC3001AD0C8 /* ToDoListTests.m in Sources */,
			);
			runOnlyForDeploymentPostprocessing = 0;
		};
/* End PBXSourcesBuildPhase section */

/* Begin PBXTargetDependency section */
		F307E8011A8FABC3001AD0C8 /* PBXTargetDependency */ = {
			isa = PBXTargetDependency;
			target = F307E7E51A8FABC3001AD0C8 /* ToDoList */;
			targetProxy = F307E8001A8FABC3001AD0C8 /* PBXContainerItemProxy */;
		};
/* End PBXTargetDependency section */

/* Begin PBXVariantGroup section */
		F307E7F31A8FABC3001AD0C8 /* Main.storyboard */ = {
			isa = PBXVariantGroup;
			children = (
				F307E7F41A8FABC3001AD0C8 /* Base */,
			);
			name = Main.storyboard;
			sourceTree = "<group>";
		};
		F307E7F81A8FABC3001AD0C8 /* LaunchScreen.xib */ = {
			isa = PBXVariantGroup;
			children = (
				F307E7F91A8FABC3001AD0C8 /* Base */,
			);
			name = LaunchScreen.xib;
			sourceTree = "<group>";
		};
/* End PBXVariantGroup section */

/* Begin XCBuildConfiguration section */
		F307E8071A8FABC3001AD0C8 /* Debug */ = {
			isa = XCBuildConfiguration;
			buildSettings = {
				ALWAYS_SEARCH_USER_PATHS = NO;
				CLANG_CXX_LANGUAGE_STANDARD = "gnu++0x";
				CLANG_CXX_LIBRARY = "libc++";
				CLANG_ENABLE_MODULES = YES;
				CLANG_ENABLE_OBJC_ARC = YES;
				CLANG_WARN_BOOL_CONVERSION = YES;
				CLANG_WARN_CONSTANT_CONVERSION = YES;
				CLANG_WARN_DIRECT_OBJC_ISA_USAGE = YES_ERROR;
				CLANG_WARN_EMPTY_BODY = YES;
				CLANG_WARN_ENUM_CONVERSION = YES;
				CLANG_WARN_INT_CONVERSION = YES;
				CLANG_WARN_OBJC_ROOT_CLASS = YES_ERROR;
				CLANG_WARN_UNREACHABLE_CODE = YES;
				CLANG_WARN__DUPLICATE_METHOD_MATCH = YES;
				"CODE_SIGN_IDENTITY[sdk=iphoneos*]" = "iPhone Developer";
				COPY_PHASE_STRIP = NO;
				ENABLE_STRICT_OBJC_MSGSEND = YES;
				GCC_C_LANGUAGE_STANDARD = gnu99;
				GCC_DYNAMIC_NO_PIC = NO;
				GCC_OPTIMIZATION_LEVEL = 0;
				GCC_PREPROCESSOR_DEFINITIONS = (
					"DEBUG=1",
					"$(inherited)",
				);
				GCC_SYMBOLS_PRIVATE_EXTERN = NO;
				GCC_WARN_64_TO_32_BIT_CONVERSION = YES;
				GCC_WARN_ABOUT_RETURN_TYPE = YES_ERROR;
				GCC_WARN_UNDECLARED_SELECTOR = YES;
				GCC_WARN_UNINITIALIZED_AUTOS = YES_AGGRESSIVE;
				GCC_WARN_UNUSED_FUNCTION = YES;
				GCC_WARN_UNUSED_VARIABLE = YES;
				IPHONEOS_DEPLOYMENT_TARGET = 8.1;
				MTL_ENABLE_DEBUG_INFO = YES;
				ONLY_ACTIVE_ARCH = YES;
				SDKROOT = iphoneos;
				TARGETED_DEVICE_FAMILY = "1,2";
			};
			name = Debug;
		};
		F307E8081A8FABC3001AD0C8 /* Release */ = {
			isa = XCBuildConfiguration;
			buildSettings = {
				ALWAYS_SEARCH_USER_PATHS = NO;
				CLANG_CXX_LANGUAGE_STANDARD = "gnu++0x";
				CLANG_CXX_LIBRARY = "libc++";
				CLANG_ENABLE_MODULES = YES;
				CLANG_ENABLE_OBJC_ARC = YES;
				CLANG_WARN_BOOL_CONVERSION = YES;
				CLANG_WARN_CONSTANT_CONVERSION = YES;
				CLANG_WARN_DIRECT_OBJC_ISA_USAGE = YES_ERROR;
				CLANG_WARN_EMPTY_BODY = YES;
				CLANG_WARN_ENUM_CONVERSION = YES;
				CLANG_WARN_INT_CONVERSION = YES;
				CLANG_WARN_OBJC_ROOT_CLASS = YES_ERROR;
				CLANG_WARN_UNREACHABLE_CODE = YES;
				CLANG_WARN__DUPLICATE_METHOD_MATCH = YES;
				"CODE_SIGN_IDENTITY[sdk=iphoneos*]" = "iPhone Developer";
				COPY_PHASE_STRIP = YES;
				ENABLE_NS_ASSERTIONS = NO;
				ENABLE_STRICT_OBJC_MSGSEND = YES;
				GCC_C_LANGUAGE_STANDARD = gnu99;
				GCC_WARN_64_TO_32_BIT_CONVERSION = YES;
				GCC_WARN_ABOUT_RETURN_TYPE = YES_ERROR;
				GCC_WARN_UNDECLARED_SELECTOR = YES;
				GCC_WARN_UNINITIALIZED_AUTOS = YES_AGGRESSIVE;
				GCC_WARN_UNUSED_FUNCTION = YES;
				GCC_WARN_UNUSED_VARIABLE = YES;
				IPHONEOS_DEPLOYMENT_TARGET = 8.1;
				MTL_ENABLE_DEBUG_INFO = NO;
				SDKROOT = iphoneos;
				TARGETED_DEVICE_FAMILY = "1,2";
				VALIDATE_PRODUCT = YES;
			};
			name = Release;
		};
		F307E80A1A8FABC3001AD0C8 /* Debug */ = {
			isa = XCBuildConfiguration;
			buildSettings = {
				ASSETCATALOG_COMPILER_APPICON_NAME = AppIcon;
				INFOPLIST_FILE = ToDoList/Info.plist;
				LD_RUNPATH_SEARCH_PATHS = "$(inherited) @executable_path/Frameworks";
				PRODUCT_NAME = "$(TARGET_NAME)";
			};
			name = Debug;
		};
		F307E80B1A8FABC3001AD0C8 /* Release */ = {
			isa = XCBuildConfiguration;
			buildSettings = {
				ASSETCATALOG_COMPILER_APPICON_NAME = AppIcon;
				INFOPLIST_FILE = ToDoList/Info.plist;
				LD_RUNPATH_SEARCH_PATHS = "$(inherited) @executable_path/Frameworks";
				PRODUCT_NAME = "$(TARGET_NAME)";
			};
			name = Release;
		};
		F307E80D1A8FABC3001AD0C8 /* Debug */ = {
			isa = XCBuildConfiguration;
			buildSettings = {
				BUNDLE_LOADER = "$(TEST_HOST)";
				FRAMEWORK_SEARCH_PATHS = (
					"$(SDKROOT)/Developer/Library/Frameworks",
					"$(inherited)",
				);
				GCC_PREPROCESSOR_DEFINITIONS = (
					"DEBUG=1",
					"$(inherited)",
				);
				INFOPLIST_FILE = ToDoListTests/Info.plist;
				LD_RUNPATH_SEARCH_PATHS = "$(inherited) @executable_path/Frameworks @loader_path/Frameworks";
				PRODUCT_NAME = "$(TARGET_NAME)";
				TEST_HOST = "$(BUILT_PRODUCTS_DIR)/ToDoList.app/ToDoList";
			};
			name = Debug;
		};
		F307E80E1A8FABC3001AD0C8 /* Release */ = {
			isa = XCBuildConfiguration;
			buildSettings = {
				BUNDLE_LOADER = "$(TEST_HOST)";
				FRAMEWORK_SEARCH_PATHS = (
					"$(SDKROOT)/Developer/Library/Frameworks",
					"$(inherited)",
				);
				INFOPLIST_FILE = ToDoListTests/Info.plist;
				LD_RUNPATH_SEARCH_PATHS = "$(inherited) @executable_path/Frameworks @loader_path/Frameworks";
				PRODUCT_NAME = "$(TARGET_NAME)";
				TEST_HOST = "$(BUILT_PRODUCTS_DIR)/ToDoList.app/ToDoList";
			};
			name = Release;
		};
/* End XCBuildConfiguration section */

/* Begin XCConfigurationList section */
		F307E7E11A8FABC3001AD0C8 /* Build configuration list for PBXProject "ToDoList" */ = {
			isa = XCConfigurationList;
			buildConfigurations = (
				F307E8071A8FABC3001AD0C8 /* Debug */,
				F307E8081A8FABC3001AD0C8 /* Release */,
			);
			defaultConfigurationIsVisible = 0;
			defaultConfigurationName = Release;
		};
		F307E8091A8FABC3001AD0C8 /* Build configuration list for PBXNativeTarget "ToDoList" */ = {
			isa = XCConfigurationList;
			buildConfigurations = (
				F307E80A1A8FABC3001AD0C8 /* Debug */,
				F307E80B1A8FABC3001AD0C8 /* Release */,
			);
			defaultConfigurationIsVisible = 0;
		};
		F307E80C1A8FABC3001AD0C8 /* Build configuration list for PBXNativeTarget "ToDoListTests" */ = {
			isa = XCConfigurationList;
			buildConfigurations = (
				F307E80D1A8FABC3001AD0C8 /* Debug */,
				F307E80E1A8FABC3001AD0C8 /* Release */,
			);
			defaultConfigurationIsVisible = 0;
		};
/* End XCConfigurationList section */
	};
	rootObject = F307E7DE1A8FABC3001AD0C8 /* Project object */;
}
